// !$*UTF8*$!
{
	archiveVersion = 1;
	classes = {
	};
	objectVersion = 48;
	objects = {

/* Begin PBXBuildFile section */
		6257E9C0201FBC3D0019184B /* AppDelegate.swift in Sources */ = {isa = PBXBuildFile; fileRef = 6257E9BF201FBC3D0019184B /* AppDelegate.swift */; };
		6257E9C4201FBC3D0019184B /* ViewController.swift in Sources */ = {isa = PBXBuildFile; fileRef = 6257E9C3201FBC3D0019184B /* ViewController.swift */; };
		6257E9C7201FBC3D0019184B /* Main.storyboard in Resources */ = {isa = PBXBuildFile; fileRef = 6257E9C5201FBC3D0019184B /* Main.storyboard */; };
		6257E9C9201FBC3D0019184B /* Assets.xcassets in Resources */ = {isa = PBXBuildFile; fileRef = 6257E9C8201FBC3D0019184B /* Assets.xcassets */; };
		6257E9CC201FBC3D0019184B /* LaunchScreen.storyboard in Resources */ = {isa = PBXBuildFile; fileRef = 6257E9CA201FBC3D0019184B /* LaunchScreen.storyboard */; };
		6268D2D720220A2400007D91 /* BlendShapeCollectionViewCell.swift in Sources */ = {isa = PBXBuildFile; fileRef = 6268D2D620220A2400007D91 /* BlendShapeCollectionViewCell.swift */; };
/* End PBXBuildFile section */

/* Begin PBXFileReference section */
		6257E9BC201FBC3D0019184B /* FaceDebugger.app */ = {isa = PBXFileReference; explicitFileType = wrapper.application; includeInIndex = 0; path = FaceDebugger.app; sourceTree = BUILT_PRODUCTS_DIR; };
		6257E9BF201FBC3D0019184B /* AppDelegate.swift */ = {isa = PBXFileReference; lastKnownFileType = sourcecode.swift; path = AppDelegate.swift; sourceTree = "<group>"; };
		6257E9C3201FBC3D0019184B /* ViewController.swift */ = {isa = PBXFileReference; lastKnownFileType = sourcecode.swift; path = ViewController.swift; sourceTree = "<group>"; };
		6257E9C6201FBC3D0019184B /* Base */ = {isa = PBXFileReference; lastKnownFileType = file.storyboard; name = Base; path = Base.lproj/Main.storyboard; sourceTree = "<group>"; };
		6257E9C8201FBC3D0019184B /* Assets.xcassets */ = {isa = PBXFileReference; lastKnownFileType = folder.assetcatalog; path = Assets.xcassets; sourceTree = "<group>"; };
		6257E9CB201FBC3D0019184B /* Base */ = {isa = PBXFileReference; lastKnownFileType = file.storyboard; name = Base; path = Base.lproj/LaunchScreen.storyboard; sourceTree = "<group>"; };
		6257E9CD201FBC3D0019184B /* Info.plist */ = {isa = PBXFileReference; lastKnownFileType = text.plist.xml; path = Info.plist; sourceTree = "<group>"; };
		6268D2D620220A2400007D91 /* BlendShapeCollectionViewCell.swift */ = {isa = PBXFileReference; lastKnownFileType = sourcecode.swift; path = BlendShapeCollectionViewCell.swift; sourceTree = "<group>"; };
		6269695A2022A7B6009E4AA8 /* README.md */ = {isa = PBXFileReference; lastKnownFileType = net.daringfireball.markdown; path = README.md; sourceTree = "<group>"; };
/* End PBXFileReference section */

/* Begin PBXFrameworksBuildPhase section */
		6257E9B9201FBC3D0019184B /* Frameworks */ = {
			isa = PBXFrameworksBuildPhase;
			buildActionMask = 2147483647;
			files = (
			);
			runOnlyForDeploymentPostprocessing = 0;
		};
/* End PBXFrameworksBuildPhase section */

/* Begin PBXGroup section */
		6257E9B3201FBC3D0019184B = {
			isa = PBXGroup;
			children = (
				6269695A2022A7B6009E4AA8 /* README.md */,
				6257E9BE201FBC3D0019184B /* FaceDebugger */,
				6257E9BD201FBC3D0019184B /* Products */,
			);
			sourceTree = "<group>";
		};
		6257E9BD201FBC3D0019184B /* Products */ = {
			isa = PBXGroup;
			children = (
				6257E9BC201FBC3D0019184B /* FaceDebugger.app */,
			);
			name = Products;
			sourceTree = "<group>";
		};
		6257E9BE201FBC3D0019184B /* FaceDebugger */ = {
			isa = PBXGroup;
			children = (
				6257E9BF201FBC3D0019184B /* AppDelegate.swift */,
				6257E9C3201FBC3D0019184B /* ViewController.swift */,
				6268D2D620220A2400007D91 /* BlendShapeCollectionViewCell.swift */,
				6257E9C5201FBC3D0019184B /* Main.storyboard */,
				6257E9C8201FBC3D0019184B /* Assets.xcassets */,
				6257E9CA201FBC3D0019184B /* LaunchScreen.storyboard */,
				6257E9CD201FBC3D0019184B /* Info.plist */,
			);
			path = FaceDebugger;
			sourceTree = "<group>";
		};
/* End PBXGroup section */

/* Begin PBXNativeTarget section */
		6257E9BB201FBC3D0019184B /* FaceDebugger */ = {
			isa = PBXNativeTarget;
			buildConfigurationList = 6257E9D0201FBC3D0019184B /* Build configuration list for PBXNativeTarget "FaceDebugger" */;
			buildPhases = (
				6257E9B8201FBC3D0019184B /* Sources */,
				6257E9B9201FBC3D0019184B /* Frameworks */,
				6257E9BA201FBC3D0019184B /* Resources */,
			);
			buildRules = (
			);
			dependencies = (
			);
			name = FaceDebugger;
			productName = facemon;
			productReference = 6257E9BC201FBC3D0019184B /* FaceDebugger.app */;
			productType = "com.apple.product-type.application";
		};
/* End PBXNativeTarget section */

/* Begin PBXProject section */
		6257E9B4201FBC3D0019184B /* Project object */ = {
			isa = PBXProject;
			attributes = {
				LastSwiftUpdateCheck = 0920;
				LastUpgradeCheck = 0920;
				ORGANIZATIONNAME = "Ariel Scarpinelli";
				TargetAttributes = {
					6257E9BB201FBC3D0019184B = {
						CreatedOnToolsVersion = 9.2;
						ProvisioningStyle = Automatic;
					};
				};
			};
			buildConfigurationList = 6257E9B7201FBC3D0019184B /* Build configuration list for PBXProject "FaceDebugger" */;
			compatibilityVersion = "Xcode 8.0";
			developmentRegion = en;
			hasScannedForEncodings = 0;
			knownRegions = (
				en,
				Base,
			);
			mainGroup = 6257E9B3201FBC3D0019184B;
			productRefGroup = 6257E9BD201FBC3D0019184B /* Products */;
			projectDirPath = "";
			projectRoot = "";
			targets = (
				6257E9BB201FBC3D0019184B /* FaceDebugger */,
			);
		};
/* End PBXProject section */

/* Begin PBXResourcesBuildPhase section */
		6257E9BA201FBC3D0019184B /* Resources */ = {
			isa = PBXResourcesBuildPhase;
			buildActionMask = 2147483647;
			files = (
				6257E9CC201FBC3D0019184B /* LaunchScreen.storyboard in Resources */,
				6257E9C9201FBC3D0019184B /* Assets.xcassets in Resources */,
				6257E9C7201FBC3D0019184B /* Main.storyboard in Resources */,
			);
			runOnlyForDeploymentPostprocessing = 0;
		};
/* End PBXResourcesBuildPhase section */

/* Begin PBXSourcesBuildPhase section */
		6257E9B8201FBC3D0019184B /* Sources */ = {
			isa = PBXSourcesBuildPhase;
			buildActionMask = 2147483647;
			files = (
				6268D2D720220A2400007D91 /* BlendShapeCollectionViewCell.swift in Sources */,
				6257E9C4201FBC3D0019184B /* ViewController.swift in Sources */,
				6257E9C0201FBC3D0019184B /* AppDelegate.swift in Sources */,
			);
			runOnlyForDeploymentPostprocessing = 0;
		};
/* End PBXSourcesBuildPhase section */

/* Begin PBXVariantGroup section */
		6257E9C5201FBC3D0019184B /* Main.storyboard */ = {
			isa = PBXVariantGroup;
			children = (
				6257E9C6201FBC3D0019184B /* Base */,
			);
			name = Main.storyboard;
			sourceTree = "<group>";
		};
		6257E9CA201FBC3D0019184B /* LaunchScreen.storyboard */ = {
			isa = PBXVariantGroup;
			children = (
				6257E9CB201FBC3D0019184B /* Base */,
			);
			name = LaunchScreen.storyboard;
			sourceTree = "<group>";
		};
/* End PBXVariantGroup section */

/* Begin XCBuildConfiguration section */
		6257E9CE201FBC3D0019184B /* Debug */ = {
			isa = XCBuildConfiguration;
			buildSettings = {
				ALWAYS_SEARCH_USER_PATHS = NO;
				CLANG_ANALYZER_NONNULL = YES;
				CLANG_ANALYZER_NUMBER_OBJECT_CONVERSION = YES_AGGRESSIVE;
				CLANG_CXX_LANGUAGE_STANDARD = "gnu++14";
				CLANG_CXX_LIBRARY = "libc++";
				CLANG_ENABLE_MODULES = YES;
				CLANG_ENABLE_OBJC_ARC = YES;
				CLANG_WARN_BLOCK_CAPTURE_AUTORELEASING = YES;
				CLANG_WARN_BOOL_CONVERSION = YES;
				CLANG_WARN_COMMA = YES;
				CLANG_WARN_CONSTANT_CONVERSION = YES;
				CLANG_WARN_DIRECT_OBJC_ISA_USAGE = YES_ERROR;
				CLANG_WARN_DOCUMENTATION_COMMENTS = YES;
				CLANG_WARN_EMPTY_BODY = YES;
				CLANG_WARN_ENUM_CONVERSION = YES;
				CLANG_WARN_INFINITE_RECURSION = YES;
				CLANG_WARN_INT_CONVERSION = YES;
				CLANG_WARN_NON_LITERAL_NULL_CONVERSION = YES;
				CLANG_WARN_OBJC_LITERAL_CONVERSION = YES;
				CLANG_WARN_OBJC_ROOT_CLASS = YES_ERROR;
				CLANG_WARN_RANGE_LOOP_ANALYSIS = YES;
				CLANG_WARN_STRICT_PROTOTYPES = YES;
				CLANG_WARN_SUSPICIOUS_MOVE = YES;
				CLANG_WARN_UNGUARDED_AVAILABILITY = YES_AGGRESSIVE;
				CLANG_WARN_UNREACHABLE_CODE = YES;
				CLANG_WARN__DUPLICATE_METHOD_MATCH = YES;
				CODE_SIGN_IDENTITY = "iPhone Developer";
				COPY_PHASE_STRIP = NO;
				DEBUG_INFORMATION_FORMAT = dwarf;
				ENABLE_STRICT_OBJC_MSGSEND = YES;
				ENABLE_TESTABILITY = YES;
				GCC_C_LANGUAGE_STANDARD = gnu11;
				GCC_DYNAMIC_NO_PIC = NO;
				GCC_NO_COMMON_BLOCKS = YES;
				GCC_OPTIMIZATION_LEVEL = 0;
				GCC_PREPROCESSOR_DEFINITIONS = (
					"DEBUG=1",
					"$(inherited)",
				);
				GCC_WARN_64_TO_32_BIT_CONVERSION = YES;
				GCC_WARN_ABOUT_RETURN_TYPE = YES_ERROR;
				GCC_WARN_UNDECLARED_SELECTOR = YES;
				GCC_WARN_UNINITIALIZED_AUTOS = YES_AGGRESSIVE;
				GCC_WARN_UNUSED_FUNCTION = YES;
				GCC_WARN_UNUSED_VARIABLE = YES;
				IPHONEOS_DEPLOYMENT_TARGET = 11.2;
				MTL_ENABLE_DEBUG_INFO = YES;
				ONLY_ACTIVE_ARCH = YES;
				SDKROOT = iphoneos;
				SWIFT_ACTIVE_COMPILATION_CONDITIONS = DEBUG;
				SWIFT_OPTIMIZATION_LEVEL = "-Onone";
			};
			name = Debug;
		};
		6257E9CF201FBC3D0019184B /* Release */ = {
			isa = XCBuildConfiguration;
			buildSettings = {
				ALWAYS_SEARCH_USER_PATHS = NO;
				CLANG_ANALYZER_NONNULL = YES;
				CLANG_ANALYZER_NUMBER_OBJECT_CONVERSION = YES_AGGRESSIVE;
				CLANG_CXX_LANGUAGE_STANDARD = "gnu++14";
				CLANG_CXX_LIBRARY = "libc++";
				CLANG_ENABLE_MODULES = YES;
				CLANG_ENABLE_OBJC_ARC = YES;
				CLANG_WARN_BLOCK_CAPTURE_AUTORELEASING = YES;
				CLANG_WARN_BOOL_CONVERSION = YES;
				CLANG_WARN_COMMA = YES;
				CLANG_WARN_CONSTANT_CONVERSION = YES;
				CLANG_WARN_DIRECT_OBJC_ISA_USAGE = YES_ERROR;
				CLANG_WARN_DOCUMENTATION_COMMENTS = YES;
				CLANG_WARN_EMPTY_BODY = YES;
				CLANG_WARN_ENUM_CONVERSION = YES;
				CLANG_WARN_INFINITE_RECURSION = YES;
				CLANG_WARN_INT_CONVERSION = YES;
				CLANG_WARN_NON_LITERAL_NULL_CONVERSION = YES;
				CLANG_WARN_OBJC_LITERAL_CONVERSION = YES;
				CLANG_WARN_OBJC_ROOT_CLASS = YES_ERROR;
				CLANG_WARN_RANGE_LOOP_ANALYSIS = YES;
				CLANG_WARN_STRICT_PROTOTYPES = YES;
				CLANG_WARN_SUSPICIOUS_MOVE = YES;
				CLANG_WARN_UNGUARDED_AVAILABILITY = YES_AGGRESSIVE;
				CLANG_WARN_UNREACHABLE_CODE = YES;
				CLANG_WARN__DUPLICATE_METHOD_MATCH = YES;
				CODE_SIGN_IDENTITY = "iPhone Developer";
				COPY_PHASE_STRIP = NO;
				DEBUG_INFORMATION_FORMAT = "dwarf-with-dsym";
				ENABLE_NS_ASSERTIONS = NO;
				ENABLE_STRICT_OBJC_MSGSEND = YES;
				GCC_C_LANGUAGE_STANDARD = gnu11;
				GCC_NO_COMMON_BLOCKS = YES;
				GCC_WARN_64_TO_32_BIT_CONVERSION = YES;
				GCC_WARN_ABOUT_RETURN_TYPE = YES_ERROR;
				GCC_WARN_UNDECLARED_SELECTOR = YES;
				GCC_WARN_UNINITIALIZED_AUTOS = YES_AGGRESSIVE;
				GCC_WARN_UNUSED_FUNCTION = YES;
				GCC_WARN_UNUSED_VARIABLE = YES;
				IPHONEOS_DEPLOYMENT_TARGET = 11.2;
				MTL_ENABLE_DEBUG_INFO = NO;
				SDKROOT = iphoneos;
				SWIFT_OPTIMIZATION_LEVEL = "-Owholemodule";
				VALIDATE_PRODUCT = YES;
			};
			name = Release;
		};
		6257E9D1201FBC3D0019184B /* Debug */ = {
			isa = XCBuildConfiguration;
			buildSettings = {
				ASSETCATALOG_COMPILER_APPICON_NAME = AppIcon;
				CODE_SIGN_STYLE = Automatic;
				DEVELOPMENT_TEAM = 8H35YSV493;
				INFOPLIST_FILE = "$(SRCROOT)/FaceDebugger/Info.plist";
				LD_RUNPATH_SEARCH_PATHS = "$(inherited) @executable_path/Frameworks";
				PRODUCT_BUNDLE_IDENTIFIER = com.arielscarpinelli.facedebugger;
				PRODUCT_NAME = "$(TARGET_NAME)";
				SWIFT_VERSION = 4.0;
				TARGETED_DEVICE_FAMILY = "1,2";
			};
			name = Debug;
		};
		6257E9D2201FBC3D0019184B /* Release */ = {
			isa = XCBuildConfiguration;
			buildSettings = {
				ASSETCATALOG_COMPILER_APPICON_NAME = AppIcon;
				CODE_SIGN_STYLE = Automatic;
				DEVELOPMENT_TEAM = 8H35YSV493;
				INFOPLIST_FILE = "$(SRCROOT)/FaceDebugger/Info.plist";
				LD_RUNPATH_SEARCH_PATHS = "$(inherited) @executable_path/Frameworks";
				PRODUCT_BUNDLE_IDENTIFIER = com.arielscarpinelli.facedebugger;
				PRODUCT_NAME = "$(TARGET_NAME)";
				SWIFT_VERSION = 4.0;
				TARGETED_DEVICE_FAMILY = "1,2";
			};
			name = Release;
		};
/* End XCBuildConfiguration section */

/* Begin XCConfigurationList section */
		6257E9B7201FBC3D0019184B /* Build configuration list for PBXProject "FaceDebugger" */ = {
			isa = XCConfigurationList;
			buildConfigurations = (
				6257E9CE201FBC3D0019184B /* Debug */,
				6257E9CF201FBC3D0019184B /* Release */,
			);
			defaultConfigurationIsVisible = 0;
			defaultConfigurationName = Release;
		};
		6257E9D0201FBC3D0019184B /* Build configuration list for PBXNativeTarget "FaceDebugger" */ = {
			isa = XCConfigurationList;
			buildConfigurations = (
				6257E9D1201FBC3D0019184B /* Debug */,
				6257E9D2201FBC3D0019184B /* Release */,
			);
			defaultConfigurationIsVisible = 0;
			defaultConfigurationName = Release;
		};
/* End XCConfigurationList section */
	};
	rootObject = 6257E9B4201FBC3D0019184B /* Project object */;
}
